
Microsoft Visual Studio Solution File, Format Version 12.00
# Visual Studio Version 16
VisualStudioVersion = 16.0.29215.179
MinimumVisualStudioVersion = 10.0.40219.1
Project("{FAE04EC0-301F-11D3-BF4B-00C04F79EFBC}") = "TheMarvel", "TheMarvel.csproj", "{125CAC76-D434-4F48-932C-08A7F5C551AF}"
EndProject
Project("{2150E333-8FDC-42A3-9474-1A3956D46DE8}") = "1-View", "1-View", "{55E5D4AD-7864-4CA6-B826-3FD9B91CD53F}"
EndProject
Project("{2150E333-8FDC-42A3-9474-1A3956D46DE8}") = "2-Business", "2-Business", "{3BCC1550-4CA2-4E24-B1B6-FF1FE9B295FD}"
EndProject
Project("{2150E333-8FDC-42A3-9474-1A3956D46DE8}") = "3-Domain", "3-Domain", "{87AD2510-9D42-41BF-92AF-90CC1C15D0AE}"
EndProject
Project("{2150E333-8FDC-42A3-9474-1A3956D46DE8}") = "4-Infra", "4-Infra", "{E881AC65-85C3-423E-B430-B195B5D07502}"
EndProject
Project("{FAE04EC0-301F-11D3-BF4B-00C04F79EFBC}") = "Domain", "..\Domain\Domain.csproj", "{5AFE4501-733E-4532-AD1C-456490AF25EE}"
EndProject
Project("{FAE04EC0-301F-11D3-BF4B-00C04F79EFBC}") = "Infra", "..\Infra\Infra.csproj", "{503A3CBE-F5CB-441B-8305-515896B8778B}"
EndProject
Project("{FAE04EC0-301F-11D3-BF4B-00C04F79EFBC}") = "Business", "..\Business\Business.csproj", "{D63C6DBC-7AD3-450C-99A3-9A8FE57C171F}"
EndProject
Global
	GlobalSection(SolutionConfigurationPlatforms) = preSolution
		Debug|Any CPU = Debug|Any CPU
		Release|Any CPU = Release|Any CPU
	EndGlobalSection
	GlobalSection(ProjectConfigurationPlatforms) = postSolution
		{125CAC76-D434-4F48-932C-08A7F5C551AF}.Debug|Any CPU.ActiveCfg = Debug|Any CPU
		{125CAC76-D434-4F48-932C-08A7F5C551AF}.Debug|Any CPU.Build.0 = Debug|Any CPU
		{125CAC76-D434-4F48-932C-08A7F5C551AF}.Release|Any CPU.ActiveCfg = Release|Any CPU
		{125CAC76-D434-4F48-932C-08A7F5C551AF}.Release|Any CPU.Build.0 = Release|Any CPU
		{5AFE4501-733E-4532-AD1C-456490AF25EE}.Debug|Any CPU.ActiveCfg = Debug|Any CPU
		{5AFE4501-733E-4532-AD1C-456490AF25EE}.Debug|Any CPU.Build.0 = Debug|Any CPU
		{5AFE4501-733E-4532-AD1C-456490AF25EE}.Release|Any CPU.ActiveCfg = Release|Any CPU
		{5AFE4501-733E-4532-AD1C-456490AF25EE}.Release|Any CPU.Build.0 = Release|Any CPU
		{503A3CBE-F5CB-441B-8305-515896B8778B}.Debug|Any CPU.ActiveCfg = Debug|Any CPU
		{503A3CBE-F5CB-441B-8305-515896B8778B}.Debug|Any CPU.Build.0 = Debug|Any CPU
		{503A3CBE-F5CB-441B-8305-515896B8778B}.Release|Any CPU.ActiveCfg = Release|Any CPU
		{503A3CBE-F5CB-441B-8305-515896B8778B}.Release|Any CPU.Build.0 = Release|Any CPU
		{D63C6DBC-7AD3-450C-99A3-9A8FE57C171F}.Debug|Any CPU.ActiveCfg = Debug|Any CPU
		{D63C6DBC-7AD3-450C-99A3-9A8FE57C171F}.Debug|Any CPU.Build.0 = Debug|Any CPU
		{D63C6DBC-7AD3-450C-99A3-9A8FE57C171F}.Release|Any CPU.ActiveCfg = Release|Any CPU
		{D63C6DBC-7AD3-450C-99A3-9A8FE57C171F}.Release|Any CPU.Build.0 = Release|Any CPU
	EndGlobalSection
	GlobalSection(SolutionProperties) = preSolution
		HideSolutionNode = FALSE
	EndGlobalSection
	GlobalSection(NestedProjects) = preSolution
		{125CAC76-D434-4F48-932C-08A7F5C551AF} = {55E5D4AD-7864-4CA6-B826-3FD9B91CD53F}
		{5AFE4501-733E-4532-AD1C-456490AF25EE} = {87AD2510-9D42-41BF-92AF-90CC1C15D0AE}
		{503A3CBE-F5CB-441B-8305-515896B8778B} = {E881AC65-85C3-423E-B430-B195B5D07502}
		{D63C6DBC-7AD3-450C-99A3-9A8FE57C171F} = {3BCC1550-4CA2-4E24-B1B6-FF1FE9B295FD}
	EndGlobalSection
	GlobalSection(ExtensibilityGlobals) = postSolution
		SolutionGuid = {E50F54B8-E995-41EB-BB16-6544DC36FA45}
	EndGlobalSection
EndGlobal
